// !$*UTF8*$!
{
	archiveVersion = 1;
	classes = {
	};
	objectVersion = 50;
	objects = {

/* Begin PBXBuildFile section */
		9840175222A27E76009BF314 /* AppDelegate.swift in Sources */ = {isa = PBXBuildFile; fileRef = 9840175122A27E76009BF314 /* AppDelegate.swift */; };
		9840175422A27E76009BF314 /* ViewController.swift in Sources */ = {isa = PBXBuildFile; fileRef = 9840175322A27E76009BF314 /* ViewController.swift */; };
		9840175722A27E76009BF314 /* Main.storyboard in Resources */ = {isa = PBXBuildFile; fileRef = 9840175522A27E76009BF314 /* Main.storyboard */; };
		9840175922A27E77009BF314 /* Assets.xcassets in Resources */ = {isa = PBXBuildFile; fileRef = 9840175822A27E77009BF314 /* Assets.xcassets */; };
		9840175C22A27E77009BF314 /* LaunchScreen.storyboard in Resources */ = {isa = PBXBuildFile; fileRef = 9840175A22A27E77009BF314 /* LaunchScreen.storyboard */; };
		9840176722A27E77009BF314 /* PicturamaTests.swift in Sources */ = {isa = PBXBuildFile; fileRef = 9840176622A27E77009BF314 /* PicturamaTests.swift */; };
/* End PBXBuildFile section */

/* Begin PBXContainerItemProxy section */
		9840176322A27E77009BF314 /* PBXContainerItemProxy */ = {
			isa = PBXContainerItemProxy;
			containerPortal = 9840174622A27E76009BF314 /* Project object */;
			proxyType = 1;
			remoteGlobalIDString = 9840174D22A27E76009BF314;
			remoteInfo = Picturama;
		};
/* End PBXContainerItemProxy section */

/* Begin PBXFileReference section */
		9840174E22A27E76009BF314 /* Picturama.app */ = {isa = PBXFileReference; explicitFileType = wrapper.application; includeInIndex = 0; path = Picturama.app; sourceTree = BUILT_PRODUCTS_DIR; };
		9840175122A27E76009BF314 /* AppDelegate.swift */ = {isa = PBXFileReference; lastKnownFileType = sourcecode.swift; path = AppDelegate.swift; sourceTree = "<group>"; };
		9840175322A27E76009BF314 /* ViewController.swift */ = {isa = PBXFileReference; lastKnownFileType = sourcecode.swift; path = ViewController.swift; sourceTree = "<group>"; };
		9840175622A27E76009BF314 /* Base */ = {isa = PBXFileReference; lastKnownFileType = file.storyboard; name = Base; path = Base.lproj/Main.storyboard; sourceTree = "<group>"; };
		9840175822A27E77009BF314 /* Assets.xcassets */ = {isa = PBXFileReference; lastKnownFileType = folder.assetcatalog; path = Assets.xcassets; sourceTree = "<group>"; };
		9840175B22A27E77009BF314 /* Base */ = {isa = PBXFileReference; lastKnownFileType = file.storyboard; name = Base; path = Base.lproj/LaunchScreen.storyboard; sourceTree = "<group>"; };
		9840175D22A27E77009BF314 /* Info.plist */ = {isa = PBXFileReference; lastKnownFileType = text.plist.xml; path = Info.plist; sourceTree = "<group>"; };
		9840176222A27E77009BF314 /* PicturamaTests.xctest */ = {isa = PBXFileReference; explicitFileType = wrapper.cfbundle; includeInIndex = 0; path = PicturamaTests.xctest; sourceTree = BUILT_PRODUCTS_DIR; };
		9840176622A27E77009BF314 /* PicturamaTests.swift */ = {isa = PBXFileReference; lastKnownFileType = sourcecode.swift; path = PicturamaTests.swift; sourceTree = "<group>"; };
		9840176822A27E77009BF314 /* Info.plist */ = {isa = PBXFileReference; lastKnownFileType = text.plist.xml; path = Info.plist; sourceTree = "<group>"; };
/* End PBXFileReference section */

/* Begin PBXFrameworksBuildPhase section */
		9840174B22A27E76009BF314 /* Frameworks */ = {
			isa = PBXFrameworksBuildPhase;
			buildActionMask = 2147483647;
			files = (
			);
			runOnlyForDeploymentPostprocessing = 0;
		};
		9840175F22A27E77009BF314 /* Frameworks */ = {
			isa = PBXFrameworksBuildPhase;
			buildActionMask = 2147483647;
			files = (
			);
			runOnlyForDeploymentPostprocessing = 0;
		};
/* End PBXFrameworksBuildPhase section */

/* Begin PBXGroup section */
		9840174522A27E76009BF314 = {
			isa = PBXGroup;
			children = (
				9840175022A27E76009BF314 /* Picturama */,
				9840176522A27E77009BF314 /* PicturamaTests */,
				9840174F22A27E76009BF314 /* Products */,
			);
			sourceTree = "<group>";
		};
		9840174F22A27E76009BF314 /* Products */ = {
			isa = PBXGroup;
			children = (
				9840174E22A27E76009BF314 /* Picturama.app */,
				9840176222A27E77009BF314 /* PicturamaTests.xctest */,
			);
			name = Products;
			sourceTree = "<group>";
		};
		9840175022A27E76009BF314 /* Picturama */ = {
			isa = PBXGroup;
			children = (
				9840175122A27E76009BF314 /* AppDelegate.swift */,
				9840175322A27E76009BF314 /* ViewController.swift */,
				9840175522A27E76009BF314 /* Main.storyboard */,
				9840175822A27E77009BF314 /* Assets.xcassets */,
				9840175A22A27E77009BF314 /* LaunchScreen.storyboard */,
				9840175D22A27E77009BF314 /* Info.plist */,
			);
			path = Picturama;
			sourceTree = "<group>";
		};
		9840176522A27E77009BF314 /* PicturamaTests */ = {
			isa = PBXGroup;
			children = (
				9840176622A27E77009BF314 /* PicturamaTests.swift */,
				9840176822A27E77009BF314 /* Info.plist */,
			);
			path = PicturamaTests;
			sourceTree = "<group>";
		};
/* End PBXGroup section */

/* Begin PBXNativeTarget section */
		9840174D22A27E76009BF314 /* Picturama */ = {
			isa = PBXNativeTarget;
			buildConfigurationList = 9840176B22A27E77009BF314 /* Build configuration list for PBXNativeTarget "Picturama" */;
			buildPhases = (
				9840174A22A27E76009BF314 /* Sources */,
				9840174B22A27E76009BF314 /* Frameworks */,
				9840174C22A27E76009BF314 /* Resources */,
			);
			buildRules = (
			);
			dependencies = (
			);
			name = Picturama;
			productName = Picturama;
			productReference = 9840174E22A27E76009BF314 /* Picturama.app */;
			productType = "com.apple.product-type.application";
		};
		9840176122A27E77009BF314 /* PicturamaTests */ = {
			isa = PBXNativeTarget;
			buildConfigurationList = 9840176E22A27E77009BF314 /* Build configuration list for PBXNativeTarget "PicturamaTests" */;
			buildPhases = (
				9840175E22A27E77009BF314 /* Sources */,
				9840175F22A27E77009BF314 /* Frameworks */,
				9840176022A27E77009BF314 /* Resources */,
			);
			buildRules = (
			);
			dependencies = (
				9840176422A27E77009BF314 /* PBXTargetDependency */,
			);
			name = PicturamaTests;
			productName = PicturamaTests;
			productReference = 9840176222A27E77009BF314 /* PicturamaTests.xctest */;
			productType = "com.apple.product-type.bundle.unit-test";
		};
/* End PBXNativeTarget section */

/* Begin PBXProject section */
		9840174622A27E76009BF314 /* Project object */ = {
			isa = PBXProject;
			attributes = {
				LastSwiftUpdateCheck = 1010;
				LastUpgradeCheck = 1010;
				ORGANIZATIONNAME = DuongDH;
				TargetAttributes = {
					9840174D22A27E76009BF314 = {
						CreatedOnToolsVersion = 10.1;
					};
					9840176122A27E77009BF314 = {
						CreatedOnToolsVersion = 10.1;
						TestTargetID = 9840174D22A27E76009BF314;
					};
				};
			};
			buildConfigurationList = 9840174922A27E76009BF314 /* Build configuration list for PBXProject "Picturama" */;
			compatibilityVersion = "Xcode 9.3";
			developmentRegion = en;
			hasScannedForEncodings = 0;
			knownRegions = (
				en,
				Base,
			);
			mainGroup = 9840174522A27E76009BF314;
			productRefGroup = 9840174F22A27E76009BF314 /* Products */;
			projectDirPath = "";
			projectRoot = "";
			targets = (
				9840174D22A27E76009BF314 /* Picturama */,
				9840176122A27E77009BF314 /* PicturamaTests */,
			);
		};
/* End PBXProject section */

/* Begin PBXResourcesBuildPhase section */
		9840174C22A27E76009BF314 /* Resources */ = {
			isa = PBXResourcesBuildPhase;
			buildActionMask = 2147483647;
			files = (
				9840175C22A27E77009BF314 /* LaunchScreen.storyboard in Resources */,
				9840175922A27E77009BF314 /* Assets.xcassets in Resources */,
				9840175722A27E76009BF314 /* Main.storyboard in Resources */,
			);
			runOnlyForDeploymentPostprocessing = 0;
		};
		9840176022A27E77009BF314 /* Resources */ = {
			isa = PBXResourcesBuildPhase;
			buildActionMask = 2147483647;
			files = (
			);
			runOnlyForDeploymentPostprocessing = 0;
		};
/* End PBXResourcesBuildPhase section */

/* Begin PBXSourcesBuildPhase section */
		9840174A22A27E76009BF314 /* Sources */ = {
			isa = PBXSourcesBuildPhase;
			buildActionMask = 2147483647;
			files = (
				9840175422A27E76009BF314 /* ViewController.swift in Sources */,
				9840175222A27E76009BF314 /* AppDelegate.swift in Sources */,
			);
			runOnlyForDeploymentPostprocessing = 0;
		};
		9840175E22A27E77009BF314 /* Sources */ = {
			isa = PBXSourcesBuildPhase;
			buildActionMask = 2147483647;
			files = (
				9840176722A27E77009BF314 /* PicturamaTests.swift in Sources */,
			);
			runOnlyForDeploymentPostprocessing = 0;
		};
/* End PBXSourcesBuildPhase section */

/* Begin PBXTargetDependency section */
		9840176422A27E77009BF314 /* PBXTargetDependency */ = {
			isa = PBXTargetDependency;
			target = 9840174D22A27E76009BF314 /* Picturama */;
			targetProxy = 9840176322A27E77009BF314 /* PBXContainerItemProxy */;
		};
/* End PBXTargetDependency section */

/* Begin PBXVariantGroup section */
		9840175522A27E76009BF314 /* Main.storyboard */ = {
			isa = PBXVariantGroup;
			children = (
				9840175622A27E76009BF314 /* Base */,
			);
			name = Main.storyboard;
			sourceTree = "<group>";
		};
		9840175A22A27E77009BF314 /* LaunchScreen.storyboard */ = {
			isa = PBXVariantGroup;
			children = (
				9840175B22A27E77009BF314 /* Base */,
			);
			name = LaunchScreen.storyboard;
			sourceTree = "<group>";
		};
/* End PBXVariantGroup section */

/* Begin XCBuildConfiguration section */
		9840176922A27E77009BF314 /* Debug */ = {
			isa = XCBuildConfiguration;
			buildSettings = {
				ALWAYS_SEARCH_USER_PATHS = NO;
				CLANG_ANALYZER_NONNULL = YES;
				CLANG_ANALYZER_NUMBER_OBJECT_CONVERSION = YES_AGGRESSIVE;
				CLANG_CXX_LANGUAGE_STANDARD = "gnu++14";
				CLANG_CXX_LIBRARY = "libc++";
				CLANG_ENABLE_MODULES = YES;
				CLANG_ENABLE_OBJC_ARC = YES;
				CLANG_ENABLE_OBJC_WEAK = YES;
				CLANG_WARN_BLOCK_CAPTURE_AUTORELEASING = YES;
				CLANG_WARN_BOOL_CONVERSION = YES;
				CLANG_WARN_COMMA = YES;
				CLANG_WARN_CONSTANT_CONVERSION = YES;
				CLANG_WARN_DEPRECATED_OBJC_IMPLEMENTATIONS = YES;
				CLANG_WARN_DIRECT_OBJC_ISA_USAGE = YES_ERROR;
				CLANG_WARN_DOCUMENTATION_COMMENTS = YES;
				CLANG_WARN_EMPTY_BODY = YES;
				CLANG_WARN_ENUM_CONVERSION = YES;
				CLANG_WARN_INFINITE_RECURSION = YES;
				CLANG_WARN_INT_CONVERSION = YES;
				CLANG_WARN_NON_LITERAL_NULL_CONVERSION = YES;
				CLANG_WARN_OBJC_IMPLICIT_RETAIN_SELF = YES;
				CLANG_WARN_OBJC_LITERAL_CONVERSION = YES;
				CLANG_WARN_OBJC_ROOT_CLASS = YES_ERROR;
				CLANG_WARN_RANGE_LOOP_ANALYSIS = YES;
				CLANG_WARN_STRICT_PROTOTYPES = YES;
				CLANG_WARN_SUSPICIOUS_MOVE = YES;
				CLANG_WARN_UNGUARDED_AVAILABILITY = YES_AGGRESSIVE;
				CLANG_WARN_UNREACHABLE_CODE = YES;
				CLANG_WARN__DUPLICATE_METHOD_MATCH = YES;
				CODE_SIGN_IDENTITY = "iPhone Developer";
				COPY_PHASE_STRIP = NO;
				DEBUG_INFORMATION_FORMAT = dwarf;
				ENABLE_STRICT_OBJC_MSGSEND = YES;
				ENABLE_TESTABILITY = YES;
				GCC_C_LANGUAGE_STANDARD = gnu11;
				GCC_DYNAMIC_NO_PIC = NO;
				GCC_NO_COMMON_BLOCKS = YES;
				GCC_OPTIMIZATION_LEVEL = 0;
				GCC_PREPROCESSOR_DEFINITIONS = (
					"DEBUG=1",
					"$(inherited)",
				);
				GCC_WARN_64_TO_32_BIT_CONVERSION = YES;
				GCC_WARN_ABOUT_RETURN_TYPE = YES_ERROR;
				GCC_WARN_UNDECLARED_SELECTOR = YES;
				GCC_WARN_UNINITIALIZED_AUTOS = YES_AGGRESSIVE;
				GCC_WARN_UNUSED_FUNCTION = YES;
				GCC_WARN_UNUSED_VARIABLE = YES;
				IPHONEOS_DEPLOYMENT_TARGET = 12.1;
				MTL_ENABLE_DEBUG_INFO = INCLUDE_SOURCE;
				MTL_FAST_MATH = YES;
				ONLY_ACTIVE_ARCH = YES;
				SDKROOT = iphoneos;
				SWIFT_ACTIVE_COMPILATION_CONDITIONS = DEBUG;
				SWIFT_OPTIMIZATION_LEVEL = "-Onone";
			};
			name = Debug;
		};
		9840176A22A27E77009BF314 /* Release */ = {
			isa = XCBuildConfiguration;
			buildSettings = {
				ALWAYS_SEARCH_USER_PATHS = NO;
				CLANG_ANALYZER_NONNULL = YES;
				CLANG_ANALYZER_NUMBER_OBJECT_CONVERSION = YES_AGGRESSIVE;
				CLANG_CXX_LANGUAGE_STANDARD = "gnu++14";
				CLANG_CXX_LIBRARY = "libc++";
				CLANG_ENABLE_MODULES = YES;
				CLANG_ENABLE_OBJC_ARC = YES;
				CLANG_ENABLE_OBJC_WEAK = YES;
				CLANG_WARN_BLOCK_CAPTURE_AUTORELEASING = YES;
				CLANG_WARN_BOOL_CONVERSION = YES;
				CLANG_WARN_COMMA = YES;
				CLANG_WARN_CONSTANT_CONVERSION = YES;
				CLANG_WARN_DEPRECATED_OBJC_IMPLEMENTATIONS = YES;
				CLANG_WARN_DIRECT_OBJC_ISA_USAGE = YES_ERROR;
				CLANG_WARN_DOCUMENTATION_COMMENTS = YES;
				CLANG_WARN_EMPTY_BODY = YES;
				CLANG_WARN_ENUM_CONVERSION = YES;
				CLANG_WARN_INFINITE_RECURSION = YES;
				CLANG_WARN_INT_CONVERSION = YES;
				CLANG_WARN_NON_LITERAL_NULL_CONVERSION = YES;
				CLANG_WARN_OBJC_IMPLICIT_RETAIN_SELF = YES;
				CLANG_WARN_OBJC_LITERAL_CONVERSION = YES;
				CLANG_WARN_OBJC_ROOT_CLASS = YES_ERROR;
				CLANG_WARN_RANGE_LOOP_ANALYSIS = YES;
				CLANG_WARN_STRICT_PROTOTYPES = YES;
				CLANG_WARN_SUSPICIOUS_MOVE = YES;
				CLANG_WARN_UNGUARDED_AVAILABILITY = YES_AGGRESSIVE;
				CLANG_WARN_UNREACHABLE_CODE = YES;
				CLANG_WARN__DUPLICATE_METHOD_MATCH = YES;
				CODE_SIGN_IDENTITY = "iPhone Developer";
				COPY_PHASE_STRIP = NO;
				DEBUG_INFORMATION_FORMAT = "dwarf-with-dsym";
				ENABLE_NS_ASSERTIONS = NO;
				ENABLE_STRICT_OBJC_MSGSEND = YES;
				GCC_C_LANGUAGE_STANDARD = gnu11;
				GCC_NO_COMMON_BLOCKS = YES;
				GCC_WARN_64_TO_32_BIT_CONVERSION = YES;
				GCC_WARN_ABOUT_RETURN_TYPE = YES_ERROR;
				GCC_WARN_UNDECLARED_SELECTOR = YES;
				GCC_WARN_UNINITIALIZED_AUTOS = YES_AGGRESSIVE;
				GCC_WARN_UNUSED_FUNCTION = YES;
				GCC_WARN_UNUSED_VARIABLE = YES;
				IPHONEOS_DEPLOYMENT_TARGET = 12.1;
				MTL_ENABLE_DEBUG_INFO = NO;
				MTL_FAST_MATH = YES;
				SDKROOT = iphoneos;
				SWIFT_COMPILATION_MODE = wholemodule;
				SWIFT_OPTIMIZATION_LEVEL = "-O";
				VALIDATE_PRODUCT = YES;
			};
			name = Release;
		};
		9840176C22A27E77009BF314 /* Debug */ = {
			isa = XCBuildConfiguration;
			buildSettings = {
				ASSETCATALOG_COMPILER_APPICON_NAME = AppIcon;
				CODE_SIGN_STYLE = Automatic;
				DEVELOPMENT_TEAM = W9RATDMPNG;
				INFOPLIST_FILE = Picturama/Info.plist;
				LD_RUNPATH_SEARCH_PATHS = (
					"$(inherited)",
					"@executable_path/Frameworks",
				);
				PRODUCT_BUNDLE_IDENTIFIER = com.wakeapp.Picturama;
				PRODUCT_NAME = "$(TARGET_NAME)";
				SWIFT_VERSION = 4.2;
				TARGETED_DEVICE_FAMILY = "1,2";
			};
			name = Debug;
		};
		9840176D22A27E77009BF314 /* Release */ = {
			isa = XCBuildConfiguration;
			buildSettings = {
				ASSETCATALOG_COMPILER_APPICON_NAME = AppIcon;
				CODE_SIGN_STYLE = Automatic;
				DEVELOPMENT_TEAM = W9RATDMPNG;
				INFOPLIST_FILE = Picturama/Info.plist;
				LD_RUNPATH_SEARCH_PATHS = (
					"$(inherited)",
					"@executable_path/Frameworks",
				);
				PRODUCT_BUNDLE_IDENTIFIER = com.wakeapp.Picturama;
				PRODUCT_NAME = "$(TARGET_NAME)";
				SWIFT_VERSION = 4.2;
				TARGETED_DEVICE_FAMILY = "1,2";
			};
			name = Release;
		};
		9840176F22A27E77009BF314 /* Debug */ = {
			isa = XCBuildConfiguration;
			buildSettings = {
				ALWAYS_EMBED_SWIFT_STANDARD_LIBRARIES = YES;
				BUNDLE_LOADER = "$(TEST_HOST)";
				CODE_SIGN_STYLE = Automatic;
				DEVELOPMENT_TEAM = W9RATDMPNG;
				INFOPLIST_FILE = PicturamaTests/Info.plist;
				LD_RUNPATH_SEARCH_PATHS = (
					"$(inherited)",
					"@executable_path/Frameworks",
					"@loader_path/Frameworks",
				);
				PRODUCT_BUNDLE_IDENTIFIER = com.wakeapp.PicturamaTests;
				PRODUCT_NAME = "$(TARGET_NAME)";
				SWIFT_VERSION = 4.2;
				TARGETED_DEVICE_FAMILY = "1,2";
				TEST_HOST = "$(BUILT_PRODUCTS_DIR)/Picturama.app/Picturama";
			};
			name = Debug;
		};
		9840177022A27E77009BF314 /* Release */ = {
			isa = XCBuildConfiguration;
			buildSettings = {
				ALWAYS_EMBED_SWIFT_STANDARD_LIBRARIES = YES;
				BUNDLE_LOADER = "$(TEST_HOST)";
				CODE_SIGN_STYLE = Automatic;
				DEVELOPMENT_TEAM = W9RATDMPNG;
				INFOPLIST_FILE = PicturamaTests/Info.plist;
				LD_RUNPATH_SEARCH_PATHS = (
					"$(inherited)",
					"@executable_path/Frameworks",
					"@loader_path/Frameworks",
				);
				PRODUCT_BUNDLE_IDENTIFIER = com.wakeapp.PicturamaTests;
				PRODUCT_NAME = "$(TARGET_NAME)";
				SWIFT_VERSION = 4.2;
				TARGETED_DEVICE_FAMILY = "1,2";
				TEST_HOST = "$(BUILT_PRODUCTS_DIR)/Picturama.app/Picturama";
			};
			name = Release;
		};
/* End XCBuildConfiguration section */

/* Begin XCConfigurationList section */
		9840174922A27E76009BF314 /* Build configuration list for PBXProject "Picturama" */ = {
			isa = XCConfigurationList;
			buildConfigurations = (
				9840176922A27E77009BF314 /* Debug */,
				9840176A22A27E77009BF314 /* Release */,
			);
			defaultConfigurationIsVisible = 0;
			defaultConfigurationName = Release;
		};
		9840176B22A27E77009BF314 /* Build configuration list for PBXNativeTarget "Picturama" */ = {
			isa = XCConfigurationList;
			buildConfigurations = (
				9840176C22A27E77009BF314 /* Debug */,
				9840176D22A27E77009BF314 /* Release */,
			);
			defaultConfigurationIsVisible = 0;
			defaultConfigurationName = Release;
		};
		9840176E22A27E77009BF314 /* Build configuration list for PBXNativeTarget "PicturamaTests" */ = {
			isa = XCConfigurationList;
			buildConfigurations = (
				9840176F22A27E77009BF314 /* Debug */,
				9840177022A27E77009BF314 /* Release */,
			);
			defaultConfigurationIsVisible = 0;
			defaultConfigurationName = Release;
		};
/* End XCConfigurationList section */
	};
	rootObject = 9840174622A27E76009BF314 /* Project object */;
}
